
Microsoft Visual Studio Solution File, Format Version 12.00
# Visual Studio Version 17
VisualStudioVersion = 17.14.36414.22
MinimumVisualStudioVersion = 10.0.40219.1
Project("{888888A0-9F3D-457C-B088-3A5042F75D52}") = "FirstApp", "..\..\..\My-Repos\FirstApp\FirstApp.pyproj", "{80FD6251-7295-41F2-8C8D-7455796AADC4}"
EndProject
Global
	GlobalSection(SolutionConfigurationPlatforms) = preSolution
		Debug|Any CPU = Debug|Any CPU
		Release|Any CPU = Release|Any CPU
	EndGlobalSection
	GlobalSection(ProjectConfigurationPlatforms) = postSolution
		{80FD6251-7295-41F2-8C8D-7455796AADC4}.Debug|Any CPU.ActiveCfg = Debug|Any CPU
		{80FD6251-7295-41F2-8C8D-7455796AADC4}.Release|Any CPU.ActiveCfg = Release|Any CPU
	EndGlobalSection
	GlobalSection(SolutionProperties) = preSolution
		HideSolutionNode = FALSE
	EndGlobalSection
	GlobalSection(ExtensibilityGlobals) = postSolution
		SolutionGuid = {C8C3169F-DCB0-4495-8EE7-5C527D553B71}
	EndGlobalSection
EndGlobal
